
Microsoft Visual Studio Solution File, Format Version 12.00
# Visual Studio Version 17
VisualStudioVersion = 17.0.31903.59
MinimumVisualStudioVersion = 10.0.40219.1
Project("{FAE04EC0-301F-11D3-BF4B-00C04F79EFBC}") = "CompanyEmployees", "CompanyEmployees\CompanyEmployees.csproj", "{BFA8D40B-5A72-4EF3-B487-CBFED67E2E78}"
EndProject
Project("{FAE04EC0-301F-11D3-BF4B-00C04F79EFBC}") = "Contracts", "Contracts\Contracts.csproj", "{D80F96AD-5437-4CBC-9C8E-73DE4408114B}"
EndProject
Project("{FAE04EC0-301F-11D3-BF4B-00C04F79EFBC}") = "LoggerService", "LoggerService\LoggerService.csproj", "{C346C03E-7316-4536-8753-E96177E943A1}"
EndProject
Project("{FAE04EC0-301F-11D3-BF4B-00C04F79EFBC}") = "Entities", "Entities\Entities.csproj", "{AB339394-70A1-423F-B439-D38E07ADFF36}"
EndProject
Project("{FAE04EC0-301F-11D3-BF4B-00C04F79EFBC}") = "Repository", "Repository\Repository.csproj", "{6A32ABCB-1468-418C-B3A2-FB089BB0A23D}"
EndProject
Project("{FAE04EC0-301F-11D3-BF4B-00C04F79EFBC}") = "Service.Contracts", "Service.Contracts\Service.Contracts.csproj", "{2C299D81-A29D-4064-8807-44FEB9FEC7BD}"
EndProject
Project("{FAE04EC0-301F-11D3-BF4B-00C04F79EFBC}") = "Service", "Service\Service.csproj", "{90C76190-741A-4A68-A304-EEF8642ECD26}"
EndProject
Project("{FAE04EC0-301F-11D3-BF4B-00C04F79EFBC}") = "Presentation", "Presentation\Presentation.csproj", "{C0558B42-5FB4-4320-82AC-F2FCBB6EE5FF}"
EndProject
Project("{FAE04EC0-301F-11D3-BF4B-00C04F79EFBC}") = "Shared", "Shared\Shared.csproj", "{4531FC7D-539B-448F-92EC-ECE2006DE430}"
EndProject
Global
	GlobalSection(SolutionProperties) = preSolution
		HideSolutionNode = FALSE
	EndGlobalSection
	GlobalSection(SolutionConfigurationPlatforms) = preSolution
		Debug|Any CPU = Debug|Any CPU
		Debug|x64 = Debug|x64
		Debug|x86 = Debug|x86
		Release|Any CPU = Release|Any CPU
		Release|x64 = Release|x64
		Release|x86 = Release|x86
	EndGlobalSection
	GlobalSection(ProjectConfigurationPlatforms) = postSolution
		{BFA8D40B-5A72-4EF3-B487-CBFED67E2E78}.Debug|Any CPU.ActiveCfg = Debug|Any CPU
		{BFA8D40B-5A72-4EF3-B487-CBFED67E2E78}.Debug|Any CPU.Build.0 = Debug|Any CPU
		{BFA8D40B-5A72-4EF3-B487-CBFED67E2E78}.Debug|x64.ActiveCfg = Debug|Any CPU
		{BFA8D40B-5A72-4EF3-B487-CBFED67E2E78}.Debug|x64.Build.0 = Debug|Any CPU
		{BFA8D40B-5A72-4EF3-B487-CBFED67E2E78}.Debug|x86.ActiveCfg = Debug|Any CPU
		{BFA8D40B-5A72-4EF3-B487-CBFED67E2E78}.Debug|x86.Build.0 = Debug|Any CPU
		{BFA8D40B-5A72-4EF3-B487-CBFED67E2E78}.Release|Any CPU.ActiveCfg = Release|Any CPU
		{BFA8D40B-5A72-4EF3-B487-CBFED67E2E78}.Release|Any CPU.Build.0 = Release|Any CPU
		{BFA8D40B-5A72-4EF3-B487-CBFED67E2E78}.Release|x64.ActiveCfg = Release|Any CPU
		{BFA8D40B-5A72-4EF3-B487-CBFED67E2E78}.Release|x64.Build.0 = Release|Any CPU
		{BFA8D40B-5A72-4EF3-B487-CBFED67E2E78}.Release|x86.ActiveCfg = Release|Any CPU
		{BFA8D40B-5A72-4EF3-B487-CBFED67E2E78}.Release|x86.Build.0 = Release|Any CPU
		{D80F96AD-5437-4CBC-9C8E-73DE4408114B}.Debug|Any CPU.ActiveCfg = Debug|Any CPU
		{D80F96AD-5437-4CBC-9C8E-73DE4408114B}.Debug|Any CPU.Build.0 = Debug|Any CPU
		{D80F96AD-5437-4CBC-9C8E-73DE4408114B}.Debug|x64.ActiveCfg = Debug|Any CPU
		{D80F96AD-5437-4CBC-9C8E-73DE4408114B}.Debug|x64.Build.0 = Debug|Any CPU
		{D80F96AD-5437-4CBC-9C8E-73DE4408114B}.Debug|x86.ActiveCfg = Debug|Any CPU
		{D80F96AD-5437-4CBC-9C8E-73DE4408114B}.Debug|x86.Build.0 = Debug|Any CPU
		{D80F96AD-5437-4CBC-9C8E-73DE4408114B}.Release|Any CPU.ActiveCfg = Release|Any CPU
		{D80F96AD-5437-4CBC-9C8E-73DE4408114B}.Release|Any CPU.Build.0 = Release|Any CPU
		{D80F96AD-5437-4CBC-9C8E-73DE4408114B}.Release|x64.ActiveCfg = Release|Any CPU
		{D80F96AD-5437-4CBC-9C8E-73DE4408114B}.Release|x64.Build.0 = Release|Any CPU
		{D80F96AD-5437-4CBC-9C8E-73DE4408114B}.Release|x86.ActiveCfg = Release|Any CPU
		{D80F96AD-5437-4CBC-9C8E-73DE4408114B}.Release|x86.Build.0 = Release|Any CPU
		{C346C03E-7316-4536-8753-E96177E943A1}.Debug|Any CPU.ActiveCfg = Debug|Any CPU
		{C346C03E-7316-4536-8753-E96177E943A1}.Debug|Any CPU.Build.0 = Debug|Any CPU
		{C346C03E-7316-4536-8753-E96177E943A1}.Debug|x64.ActiveCfg = Debug|Any CPU
		{C346C03E-7316-4536-8753-E96177E943A1}.Debug|x64.Build.0 = Debug|Any CPU
		{C346C03E-7316-4536-8753-E96177E943A1}.Debug|x86.ActiveCfg = Debug|Any CPU
		{C346C03E-7316-4536-8753-E96177E943A1}.Debug|x86.Build.0 = Debug|Any CPU
		{C346C03E-7316-4536-8753-E96177E943A1}.Release|Any CPU.ActiveCfg = Release|Any CPU
		{C346C03E-7316-4536-8753-E96177E943A1}.Release|Any CPU.Build.0 = Release|Any CPU
		{C346C03E-7316-4536-8753-E96177E943A1}.Release|x64.ActiveCfg = Release|Any CPU
		{C346C03E-7316-4536-8753-E96177E943A1}.Release|x64.Build.0 = Release|Any CPU
		{C346C03E-7316-4536-8753-E96177E943A1}.Release|x86.ActiveCfg = Release|Any CPU
		{C346C03E-7316-4536-8753-E96177E943A1}.Release|x86.Build.0 = Release|Any CPU
		{AB339394-70A1-423F-B439-D38E07ADFF36}.Debug|Any CPU.ActiveCfg = Debug|Any CPU
		{AB339394-70A1-423F-B439-D38E07ADFF36}.Debug|Any CPU.Build.0 = Debug|Any CPU
		{AB339394-70A1-423F-B439-D38E07ADFF36}.Debug|x64.ActiveCfg = Debug|Any CPU
		{AB339394-70A1-423F-B439-D38E07ADFF36}.Debug|x64.Build.0 = Debug|Any CPU
		{AB339394-70A1-423F-B439-D38E07ADFF36}.Debug|x86.ActiveCfg = Debug|Any CPU
		{AB339394-70A1-423F-B439-D38E07ADFF36}.Debug|x86.Build.0 = Debug|Any CPU
		{AB339394-70A1-423F-B439-D38E07ADFF36}.Release|Any CPU.ActiveCfg = Release|Any CPU
		{AB339394-70A1-423F-B439-D38E07ADFF36}.Release|Any CPU.Build.0 = Release|Any CPU
		{AB339394-70A1-423F-B439-D38E07ADFF36}.Release|x64.ActiveCfg = Release|Any CPU
		{AB339394-70A1-423F-B439-D38E07ADFF36}.Release|x64.Build.0 = Release|Any CPU
		{AB339394-70A1-423F-B439-D38E07ADFF36}.Release|x86.ActiveCfg = Release|Any CPU
		{AB339394-70A1-423F-B439-D38E07ADFF36}.Release|x86.Build.0 = Release|Any CPU
		{6A32ABCB-1468-418C-B3A2-FB089BB0A23D}.Debug|Any CPU.ActiveCfg = Debug|Any CPU
		{6A32ABCB-1468-418C-B3A2-FB089BB0A23D}.Debug|Any CPU.Build.0 = Debug|Any CPU
		{6A32ABCB-1468-418C-B3A2-FB089BB0A23D}.Debug|x64.ActiveCfg = Debug|Any CPU
		{6A32ABCB-1468-418C-B3A2-FB089BB0A23D}.Debug|x64.Build.0 = Debug|Any CPU
		{6A32ABCB-1468-418C-B3A2-FB089BB0A23D}.Debug|x86.ActiveCfg = Debug|Any CPU
		{6A32ABCB-1468-418C-B3A2-FB089BB0A23D}.Debug|x86.Build.0 = Debug|Any CPU
		{6A32ABCB-1468-418C-B3A2-FB089BB0A23D}.Release|Any CPU.ActiveCfg = Release|Any CPU
		{6A32ABCB-1468-418C-B3A2-FB089BB0A23D}.Release|Any CPU.Build.0 = Release|Any CPU
		{6A32ABCB-1468-418C-B3A2-FB089BB0A23D}.Release|x64.ActiveCfg = Release|Any CPU
		{6A32ABCB-1468-418C-B3A2-FB089BB0A23D}.Release|x64.Build.0 = Release|Any CPU
		{6A32ABCB-1468-418C-B3A2-FB089BB0A23D}.Release|x86.ActiveCfg = Release|Any CPU
		{6A32ABCB-1468-418C-B3A2-FB089BB0A23D}.Release|x86.Build.0 = Release|Any CPU
		{2C299D81-A29D-4064-8807-44FEB9FEC7BD}.Debug|Any CPU.ActiveCfg = Debug|Any CPU
		{2C299D81-A29D-4064-8807-44FEB9FEC7BD}.Debug|Any CPU.Build.0 = Debug|Any CPU
		{2C299D81-A29D-4064-8807-44FEB9FEC7BD}.Debug|x64.ActiveCfg = Debug|Any CPU
		{2C299D81-A29D-4064-8807-44FEB9FEC7BD}.Debug|x64.Build.0 = Debug|Any CPU
		{2C299D81-A29D-4064-8807-44FEB9FEC7BD}.Debug|x86.ActiveCfg = Debug|Any CPU
		{2C299D81-A29D-4064-8807-44FEB9FEC7BD}.Debug|x86.Build.0 = Debug|Any CPU
		{2C299D81-A29D-4064-8807-44FEB9FEC7BD}.Release|Any CPU.ActiveCfg = Release|Any CPU
		{2C299D81-A29D-4064-8807-44FEB9FEC7BD}.Release|Any CPU.Build.0 = Release|Any CPU
		{2C299D81-A29D-4064-8807-44FEB9FEC7BD}.Release|x64.ActiveCfg = Release|Any CPU
		{2C299D81-A29D-4064-8807-44FEB9FEC7BD}.Release|x64.Build.0 = Release|Any CPU
		{2C299D81-A29D-4064-8807-44FEB9FEC7BD}.Release|x86.ActiveCfg = Release|Any CPU
		{2C299D81-A29D-4064-8807-44FEB9FEC7BD}.Release|x86.Build.0 = Release|Any CPU
		{90C76190-741A-4A68-A304-EEF8642ECD26}.Debug|Any CPU.ActiveCfg = Debug|Any CPU
		{90C76190-741A-4A68-A304-EEF8642ECD26}.Debug|Any CPU.Build.0 = Debug|Any CPU
		{90C76190-741A-4A68-A304-EEF8642ECD26}.Debug|x64.ActiveCfg = Debug|Any CPU
		{90C76190-741A-4A68-A304-EEF8642ECD26}.Debug|x64.Build.0 = Debug|Any CPU
		{90C76190-741A-4A68-A304-EEF8642ECD26}.Debug|x86.ActiveCfg = Debug|Any CPU
		{90C76190-741A-4A68-A304-EEF8642ECD26}.Debug|x86.Build.0 = Debug|Any CPU
		{90C76190-741A-4A68-A304-EEF8642ECD26}.Release|Any CPU.ActiveCfg = Release|Any CPU
		{90C76190-741A-4A68-A304-EEF8642ECD26}.Release|Any CPU.Build.0 = Release|Any CPU
		{90C76190-741A-4A68-A304-EEF8642ECD26}.Release|x64.ActiveCfg = Release|Any CPU
		{90C76190-741A-4A68-A304-EEF8642ECD26}.Release|x64.Build.0 = Release|Any CPU
		{90C76190-741A-4A68-A304-EEF8642ECD26}.Release|x86.ActiveCfg = Release|Any CPU
		{90C76190-741A-4A68-A304-EEF8642ECD26}.Release|x86.Build.0 = Release|Any CPU
		{C0558B42-5FB4-4320-82AC-F2FCBB6EE5FF}.Debug|Any CPU.ActiveCfg = Debug|Any CPU
		{C0558B42-5FB4-4320-82AC-F2FCBB6EE5FF}.Debug|Any CPU.Build.0 = Debug|Any CPU
		{C0558B42-5FB4-4320-82AC-F2FCBB6EE5FF}.Debug|x64.ActiveCfg = Debug|Any CPU
		{C0558B42-5FB4-4320-82AC-F2FCBB6EE5FF}.Debug|x64.Build.0 = Debug|Any CPU
		{C0558B42-5FB4-4320-82AC-F2FCBB6EE5FF}.Debug|x86.ActiveCfg = Debug|Any CPU
		{C0558B42-5FB4-4320-82AC-F2FCBB6EE5FF}.Debug|x86.Build.0 = Debug|Any CPU
		{C0558B42-5FB4-4320-82AC-F2FCBB6EE5FF}.Release|Any CPU.ActiveCfg = Release|Any CPU
		{C0558B42-5FB4-4320-82AC-F2FCBB6EE5FF}.Release|Any CPU.Build.0 = Release|Any CPU
		{C0558B42-5FB4-4320-82AC-F2FCBB6EE5FF}.Release|x64.ActiveCfg = Release|Any CPU
		{C0558B42-5FB4-4320-82AC-F2FCBB6EE5FF}.Release|x64.Build.0 = Release|Any CPU
		{C0558B42-5FB4-4320-82AC-F2FCBB6EE5FF}.Release|x86.ActiveCfg = Release|Any CPU
		{C0558B42-5FB4-4320-82AC-F2FCBB6EE5FF}.Release|x86.Build.0 = Release|Any CPU
		{4531FC7D-539B-448F-92EC-ECE2006DE430}.Debug|Any CPU.ActiveCfg = Debug|Any CPU
		{4531FC7D-539B-448F-92EC-ECE2006DE430}.Debug|Any CPU.Build.0 = Debug|Any CPU
		{4531FC7D-539B-448F-92EC-ECE2006DE430}.Debug|x64.ActiveCfg = Debug|Any CPU
		{4531FC7D-539B-448F-92EC-ECE2006DE430}.Debug|x64.Build.0 = Debug|Any CPU
		{4531FC7D-539B-448F-92EC-ECE2006DE430}.Debug|x86.ActiveCfg = Debug|Any CPU
		{4531FC7D-539B-448F-92EC-ECE2006DE430}.Debug|x86.Build.0 = Debug|Any CPU
		{4531FC7D-539B-448F-92EC-ECE2006DE430}.Release|Any CPU.ActiveCfg = Release|Any CPU
		{4531FC7D-539B-448F-92EC-ECE2006DE430}.Release|Any CPU.Build.0 = Release|Any CPU
		{4531FC7D-539B-448F-92EC-ECE2006DE430}.Release|x64.ActiveCfg = Release|Any CPU
		{4531FC7D-539B-448F-92EC-ECE2006DE430}.Release|x64.Build.0 = Release|Any CPU
		{4531FC7D-539B-448F-92EC-ECE2006DE430}.Release|x86.ActiveCfg = Release|Any CPU
		{4531FC7D-539B-448F-92EC-ECE2006DE430}.Release|x86.Build.0 = Release|Any CPU
	EndGlobalSection
EndGlobal
